
Microsoft Visual Studio Solution File, Format Version 12.00
# Visual Studio Version 16
VisualStudioVersion = 16.0.31729.503
MinimumVisualStudioVersion = 10.0.40219.1
Project("{9A19103F-16F7-4668-BE54-9A1E7A4F7556}") = "CompilerUI", "CompilerUI.csproj", "{4D7E40AA-A906-4E4A-AEF9-2766EB1B30C9}"
EndProject
Global
	GlobalSection(SolutionConfigurationPlatforms) = preSolution
		Debug|Any CPU = Debug|Any CPU
		Release|Any CPU = Release|Any CPU
	EndGlobalSection
	GlobalSection(ProjectConfigurationPlatforms) = postSolution
		{4D7E40AA-A906-4E4A-AEF9-2766EB1B30C9}.Debug|Any CPU.ActiveCfg = Debug|Any CPU
		{4D7E40AA-A906-4E4A-AEF9-2766EB1B30C9}.Debug|Any CPU.Build.0 = Debug|Any CPU
		{4D7E40AA-A906-4E4A-AEF9-2766EB1B30C9}.Release|Any CPU.ActiveCfg = Release|Any CPU
		{4D7E40AA-A906-4E4A-AEF9-2766EB1B30C9}.Release|Any CPU.Build.0 = Release|Any CPU
	EndGlobalSection
	GlobalSection(SolutionProperties) = preSolution
		HideSolutionNode = FALSE
	EndGlobalSection
	GlobalSection(ExtensibilityGlobals) = postSolution
		SolutionGuid = {393EF84E-34EF-4599-82D3-7FC1A8655B44}
	EndGlobalSection
EndGlobal
